
Microsoft Visual Studio Solution File, Format Version 12.00
# Visual Studio Version 17
VisualStudioVersion = 17.8.34322.80
MinimumVisualStudioVersion = 10.0.40219.1
Project("{FAE04EC0-301F-11D3-BF4B-00C04F79EFBC}") = "BasecEngineeringCalculator", "BasecEngineeringCalculator\BasecEngineeringCalculator.csproj", "{53735978-545A-4910-B760-B2916F518DDD}"
EndProject
Global
	GlobalSection(SolutionConfigurationPlatforms) = preSolution
		Debug|Any CPU = Debug|Any CPU
		Release|Any CPU = Release|Any CPU
	EndGlobalSection
	GlobalSection(ProjectConfigurationPlatforms) = postSolution
		{53735978-545A-4910-B760-B2916F518DDD}.Debug|Any CPU.ActiveCfg = Debug|Any CPU
		{53735978-545A-4910-B760-B2916F518DDD}.Debug|Any CPU.Build.0 = Debug|Any CPU
		{53735978-545A-4910-B760-B2916F518DDD}.Release|Any CPU.ActiveCfg = Release|Any CPU
		{53735978-545A-4910-B760-B2916F518DDD}.Release|Any CPU.Build.0 = Release|Any CPU
	EndGlobalSection
	GlobalSection(SolutionProperties) = preSolution
		HideSolutionNode = FALSE
	EndGlobalSection
	GlobalSection(ExtensibilityGlobals) = postSolution
		SolutionGuid = {C0523459-0F88-4529-A5F4-D5CF83701719}
	EndGlobalSection
EndGlobal
